
Microsoft Visual Studio Solution File, Format Version 12.00
# Visual Studio Version 17
VisualStudioVersion = 17.0.31919.166
MinimumVisualStudioVersion = 10.0.40219.1
Project("{FAE04EC0-301F-11D3-BF4B-00C04F79EFBC}") = "TheBugTracker", "TheBugTracker\TheBugTracker.csproj", "{BBAC24C3-9D61-4896-9635-F2BBC855F6C6}"
EndProject
Global
	GlobalSection(SolutionConfigurationPlatforms) = preSolution
		Debug|Any CPU = Debug|Any CPU
		Release|Any CPU = Release|Any CPU
	EndGlobalSection
	GlobalSection(ProjectConfigurationPlatforms) = postSolution
		{BBAC24C3-9D61-4896-9635-F2BBC855F6C6}.Debug|Any CPU.ActiveCfg = Debug|Any CPU
		{BBAC24C3-9D61-4896-9635-F2BBC855F6C6}.Debug|Any CPU.Build.0 = Debug|Any CPU
		{BBAC24C3-9D61-4896-9635-F2BBC855F6C6}.Release|Any CPU.ActiveCfg = Release|Any CPU
		{BBAC24C3-9D61-4896-9635-F2BBC855F6C6}.Release|Any CPU.Build.0 = Release|Any CPU
	EndGlobalSection
	GlobalSection(SolutionProperties) = preSolution
		HideSolutionNode = FALSE
	EndGlobalSection
	GlobalSection(ExtensibilityGlobals) = postSolution
		SolutionGuid = {A7C497C7-32A7-41EE-A370-820B465E0A0C}
	EndGlobalSection
EndGlobal
